// !$*UTF8*$!
{
	archiveVersion = 1;
	classes = {
	};
	objectVersion = 56;
	objects = {

/* Begin PBXBuildFile section */
		F3B21EBB298BE21B007C93FF /* YaSailingApp Watch App.app in Embed Watch Content */ = {isa = PBXBuildFile; fileRef = F3B21EBA298BE21B007C93FF /* YaSailingApp Watch App.app */; settings = {ATTRIBUTES = (RemoveHeadersOnCopy, ); }; };
		F3B21EC0298BE21B007C93FF /* YaSailingAppApp.swift in Sources */ = {isa = PBXBuildFile; fileRef = F3B21EBF298BE21B007C93FF /* YaSailingAppApp.swift */; };
		F3B21EC2298BE21B007C93FF /* TimerVew.swift in Sources */ = {isa = PBXBuildFile; fileRef = F3B21EC1298BE21B007C93FF /* TimerVew.swift */; };
		F3B21EC4298BE21E007C93FF /* Assets.xcassets in Resources */ = {isa = PBXBuildFile; fileRef = F3B21EC3298BE21E007C93FF /* Assets.xcassets */; };
		F3B21EC7298BE21E007C93FF /* Preview Assets.xcassets in Resources */ = {isa = PBXBuildFile; fileRef = F3B21EC6298BE21E007C93FF /* Preview Assets.xcassets */; };
		F3B21EEF298FCDF7007C93FF /* LocationManager.swift in Sources */ = {isa = PBXBuildFile; fileRef = F3B21EEE298FCDF7007C93FF /* LocationManager.swift */; };
		F3D9A8E229995E4F00621AD0 /* SessionTicker.swift in Sources */ = {isa = PBXBuildFile; fileRef = F3D9A8E129995E4F00621AD0 /* SessionTicker.swift */; };
		F3D9A8E429998DE700621AD0 /* TimerEngine.swift in Sources */ = {isa = PBXBuildFile; fileRef = F3D9A8E329998DE700621AD0 /* TimerEngine.swift */; };
		F3D9A8E6299BEFA000621AD0 /* SettingView.swift in Sources */ = {isa = PBXBuildFile; fileRef = F3D9A8E5299BEFA000621AD0 /* SettingView.swift */; };
		F3D9A8E8299C35DF00621AD0 /* TimerConfig.swift in Sources */ = {isa = PBXBuildFile; fileRef = F3D9A8E7299C35DF00621AD0 /* TimerConfig.swift */; };
/* End PBXBuildFile section */

/* Begin PBXContainerItemProxy section */
		F3B21EBC298BE21B007C93FF /* PBXContainerItemProxy */ = {
			isa = PBXContainerItemProxy;
			containerPortal = F3B21EAE298BE21B007C93FF /* Project object */;
			proxyType = 1;
			remoteGlobalIDString = F3B21EB9298BE21B007C93FF;
			remoteInfo = "YaSailingApp Watch App";
		};
/* End PBXContainerItemProxy section */

/* Begin PBXCopyFilesBuildPhase section */
		F3B21EE3298BE21E007C93FF /* Embed Watch Content */ = {
			isa = PBXCopyFilesBuildPhase;
			buildActionMask = 2147483647;
			dstPath = "$(CONTENTS_FOLDER_PATH)/Watch";
			dstSubfolderSpec = 16;
			files = (
				F3B21EBB298BE21B007C93FF /* YaSailingApp Watch App.app in Embed Watch Content */,
			);
			name = "Embed Watch Content";
			runOnlyForDeploymentPostprocessing = 0;
		};
/* End PBXCopyFilesBuildPhase section */

/* Begin PBXFileReference section */
		F3B21EB4298BE21B007C93FF /* YaSailingApp.app */ = {isa = PBXFileReference; explicitFileType = wrapper.application; includeInIndex = 0; path = YaSailingApp.app; sourceTree = BUILT_PRODUCTS_DIR; };
		F3B21EBA298BE21B007C93FF /* YaSailingApp Watch App.app */ = {isa = PBXFileReference; explicitFileType = wrapper.application; includeInIndex = 0; path = "YaSailingApp Watch App.app"; sourceTree = BUILT_PRODUCTS_DIR; };
		F3B21EBF298BE21B007C93FF /* YaSailingAppApp.swift */ = {isa = PBXFileReference; lastKnownFileType = sourcecode.swift; path = YaSailingAppApp.swift; sourceTree = "<group>"; };
		F3B21EC1298BE21B007C93FF /* TimerVew.swift */ = {isa = PBXFileReference; lastKnownFileType = sourcecode.swift; path = TimerVew.swift; sourceTree = "<group>"; wrapsLines = 0; };
		F3B21EC3298BE21E007C93FF /* Assets.xcassets */ = {isa = PBXFileReference; lastKnownFileType = folder.assetcatalog; path = Assets.xcassets; sourceTree = "<group>"; };
		F3B21EC6298BE21E007C93FF /* Preview Assets.xcassets */ = {isa = PBXFileReference; lastKnownFileType = folder.assetcatalog; path = "Preview Assets.xcassets"; sourceTree = "<group>"; };
		F3B21EED298EB15F007C93FF /* YaSailingApp-Watch-App-Info.plist */ = {isa = PBXFileReference; lastKnownFileType = text.plist; path = "YaSailingApp-Watch-App-Info.plist"; sourceTree = SOURCE_ROOT; };
		F3B21EEE298FCDF7007C93FF /* LocationManager.swift */ = {isa = PBXFileReference; lastKnownFileType = sourcecode.swift; path = LocationManager.swift; sourceTree = "<group>"; };
		F3D9A8E129995E4F00621AD0 /* SessionTicker.swift */ = {isa = PBXFileReference; lastKnownFileType = sourcecode.swift; path = SessionTicker.swift; sourceTree = "<group>"; };
		F3D9A8E329998DE700621AD0 /* TimerEngine.swift */ = {isa = PBXFileReference; lastKnownFileType = sourcecode.swift; path = TimerEngine.swift; sourceTree = "<group>"; };
		F3D9A8E5299BEFA000621AD0 /* SettingView.swift */ = {isa = PBXFileReference; lastKnownFileType = sourcecode.swift; path = SettingView.swift; sourceTree = "<group>"; };
		F3D9A8E7299C35DF00621AD0 /* TimerConfig.swift */ = {isa = PBXFileReference; lastKnownFileType = sourcecode.swift; path = TimerConfig.swift; sourceTree = "<group>"; };
/* End PBXFileReference section */

/* Begin PBXFrameworksBuildPhase section */
		F3B21EB7298BE21B007C93FF /* Frameworks */ = {
			isa = PBXFrameworksBuildPhase;
			buildActionMask = 2147483647;
			files = (
			);
			runOnlyForDeploymentPostprocessing = 0;
		};
/* End PBXFrameworksBuildPhase section */

/* Begin PBXGroup section */
		F3B21EAD298BE21B007C93FF = {
			isa = PBXGroup;
			children = (
				F3B21EBE298BE21B007C93FF /* YaSailingApp Watch App */,
				F3B21EB5298BE21B007C93FF /* Products */,
			);
			sourceTree = "<group>";
		};
		F3B21EB5298BE21B007C93FF /* Products */ = {
			isa = PBXGroup;
			children = (
				F3B21EB4298BE21B007C93FF /* YaSailingApp.app */,
				F3B21EBA298BE21B007C93FF /* YaSailingApp Watch App.app */,
			);
			name = Products;
			sourceTree = "<group>";
		};
		F3B21EBE298BE21B007C93FF /* YaSailingApp Watch App */ = {
			isa = PBXGroup;
			children = (
				F3B21EED298EB15F007C93FF /* YaSailingApp-Watch-App-Info.plist */,
				F3B21EBF298BE21B007C93FF /* YaSailingAppApp.swift */,
				F3D9A8E5299BEFA000621AD0 /* SettingView.swift */,
				F3B21EC1298BE21B007C93FF /* TimerVew.swift */,
				F3B21EC3298BE21E007C93FF /* Assets.xcassets */,
				F3B21EC5298BE21E007C93FF /* Preview Content */,
				F3B21EEE298FCDF7007C93FF /* LocationManager.swift */,
				F3D9A8E129995E4F00621AD0 /* SessionTicker.swift */,
				F3D9A8E329998DE700621AD0 /* TimerEngine.swift */,
				F3D9A8E7299C35DF00621AD0 /* TimerConfig.swift */,
			);
			path = "YaSailingApp Watch App";
			sourceTree = "<group>";
		};
		F3B21EC5298BE21E007C93FF /* Preview Content */ = {
			isa = PBXGroup;
			children = (
				F3B21EC6298BE21E007C93FF /* Preview Assets.xcassets */,
			);
			path = "Preview Content";
			sourceTree = "<group>";
		};
/* End PBXGroup section */

/* Begin PBXNativeTarget section */
		F3B21EB3298BE21B007C93FF /* YaSailingApp */ = {
			isa = PBXNativeTarget;
			buildConfigurationList = F3B21EE4298BE21E007C93FF /* Build configuration list for PBXNativeTarget "YaSailingApp" */;
			buildPhases = (
				F3B21EB2298BE21B007C93FF /* Resources */,
				F3B21EE3298BE21E007C93FF /* Embed Watch Content */,
			);
			buildRules = (
			);
			dependencies = (
				F3B21EBD298BE21B007C93FF /* PBXTargetDependency */,
			);
			name = YaSailingApp;
			productName = YaSailingApp;
			productReference = F3B21EB4298BE21B007C93FF /* YaSailingApp.app */;
			productType = "com.apple.product-type.application.watchapp2-container";
		};
		F3B21EB9298BE21B007C93FF /* YaSailingApp Watch App */ = {
			isa = PBXNativeTarget;
			buildConfigurationList = F3B21EE0298BE21E007C93FF /* Build configuration list for PBXNativeTarget "YaSailingApp Watch App" */;
			buildPhases = (
				F3B21EB6298BE21B007C93FF /* Sources */,
				F3B21EB7298BE21B007C93FF /* Frameworks */,
				F3B21EB8298BE21B007C93FF /* Resources */,
			);
			buildRules = (
			);
			dependencies = (
			);
			name = "YaSailingApp Watch App";
			productName = "YaSailingApp Watch App";
			productReference = F3B21EBA298BE21B007C93FF /* YaSailingApp Watch App.app */;
			productType = "com.apple.product-type.application";
		};
/* End PBXNativeTarget section */

/* Begin PBXProject section */
		F3B21EAE298BE21B007C93FF /* Project object */ = {
			isa = PBXProject;
			attributes = {
				BuildIndependentTargetsInParallel = 1;
				LastSwiftUpdateCheck = 1420;
				LastUpgradeCheck = 1420;
				TargetAttributes = {
					F3B21EB3298BE21B007C93FF = {
						CreatedOnToolsVersion = 14.2;
					};
					F3B21EB9298BE21B007C93FF = {
						CreatedOnToolsVersion = 14.2;
					};
				};
			};
			buildConfigurationList = F3B21EB1298BE21B007C93FF /* Build configuration list for PBXProject "YaSailingApp" */;
			compatibilityVersion = "Xcode 14.0";
			developmentRegion = en;
			hasScannedForEncodings = 0;
			knownRegions = (
				en,
				Base,
			);
			mainGroup = F3B21EAD298BE21B007C93FF;
			productRefGroup = F3B21EB5298BE21B007C93FF /* Products */;
			projectDirPath = "";
			projectRoot = "";
			targets = (
				F3B21EB3298BE21B007C93FF /* YaSailingApp */,
				F3B21EB9298BE21B007C93FF /* YaSailingApp Watch App */,
			);
		};
/* End PBXProject section */

/* Begin PBXResourcesBuildPhase section */
		F3B21EB2298BE21B007C93FF /* Resources */ = {
			isa = PBXResourcesBuildPhase;
			buildActionMask = 2147483647;
			files = (
			);
			runOnlyForDeploymentPostprocessing = 0;
		};
		F3B21EB8298BE21B007C93FF /* Resources */ = {
			isa = PBXResourcesBuildPhase;
			buildActionMask = 2147483647;
			files = (
				F3B21EC7298BE21E007C93FF /* Preview Assets.xcassets in Resources */,
				F3B21EC4298BE21E007C93FF /* Assets.xcassets in Resources */,
			);
			runOnlyForDeploymentPostprocessing = 0;
		};
/* End PBXResourcesBuildPhase section */

/* Begin PBXSourcesBuildPhase section */
		F3B21EB6298BE21B007C93FF /* Sources */ = {
			isa = PBXSourcesBuildPhase;
			buildActionMask = 2147483647;
			files = (
				F3D9A8E229995E4F00621AD0 /* SessionTicker.swift in Sources */,
				F3D9A8E429998DE700621AD0 /* TimerEngine.swift in Sources */,
				F3B21EC2298BE21B007C93FF /* TimerVew.swift in Sources */,
				F3D9A8E8299C35DF00621AD0 /* TimerConfig.swift in Sources */,
				F3D9A8E6299BEFA000621AD0 /* SettingView.swift in Sources */,
				F3B21EEF298FCDF7007C93FF /* LocationManager.swift in Sources */,
				F3B21EC0298BE21B007C93FF /* YaSailingAppApp.swift in Sources */,
			);
			runOnlyForDeploymentPostprocessing = 0;
		};
/* End PBXSourcesBuildPhase section */

/* Begin PBXTargetDependency section */
		F3B21EBD298BE21B007C93FF /* PBXTargetDependency */ = {
			isa = PBXTargetDependency;
			target = F3B21EB9298BE21B007C93FF /* YaSailingApp Watch App */;
			targetProxy = F3B21EBC298BE21B007C93FF /* PBXContainerItemProxy */;
		};
/* End PBXTargetDependency section */

/* Begin XCBuildConfiguration section */
		F3B21EDE298BE21E007C93FF /* Debug */ = {
			isa = XCBuildConfiguration;
			buildSettings = {
				ALWAYS_SEARCH_USER_PATHS = NO;
				CLANG_ANALYZER_NONNULL = YES;
				CLANG_ANALYZER_NUMBER_OBJECT_CONVERSION = YES_AGGRESSIVE;
				CLANG_CXX_LANGUAGE_STANDARD = "gnu++20";
				CLANG_ENABLE_MODULES = YES;
				CLANG_ENABLE_OBJC_ARC = YES;
				CLANG_ENABLE_OBJC_WEAK = YES;
				CLANG_WARN_BLOCK_CAPTURE_AUTORELEASING = YES;
				CLANG_WARN_BOOL_CONVERSION = YES;
				CLANG_WARN_COMMA = YES;
				CLANG_WARN_CONSTANT_CONVERSION = YES;
				CLANG_WARN_DEPRECATED_OBJC_IMPLEMENTATIONS = YES;
				CLANG_WARN_DIRECT_OBJC_ISA_USAGE = YES_ERROR;
				CLANG_WARN_DOCUMENTATION_COMMENTS = YES;
				CLANG_WARN_EMPTY_BODY = YES;
				CLANG_WARN_ENUM_CONVERSION = YES;
				CLANG_WARN_INFINITE_RECURSION = YES;
				CLANG_WARN_INT_CONVERSION = YES;
				CLANG_WARN_NON_LITERAL_NULL_CONVERSION = YES;
				CLANG_WARN_OBJC_IMPLICIT_RETAIN_SELF = YES;
				CLANG_WARN_OBJC_LITERAL_CONVERSION = YES;
				CLANG_WARN_OBJC_ROOT_CLASS = YES_ERROR;
				CLANG_WARN_QUOTED_INCLUDE_IN_FRAMEWORK_HEADER = YES;
				CLANG_WARN_RANGE_LOOP_ANALYSIS = YES;
				CLANG_WARN_STRICT_PROTOTYPES = YES;
				CLANG_WARN_SUSPICIOUS_MOVE = YES;
				CLANG_WARN_UNGUARDED_AVAILABILITY = YES_AGGRESSIVE;
				CLANG_WARN_UNREACHABLE_CODE = YES;
				CLANG_WARN__DUPLICATE_METHOD_MATCH = YES;
				COPY_PHASE_STRIP = NO;
				DEBUG_INFORMATION_FORMAT = dwarf;
				ENABLE_STRICT_OBJC_MSGSEND = YES;
				ENABLE_TESTABILITY = YES;
				GCC_C_LANGUAGE_STANDARD = gnu11;
				GCC_DYNAMIC_NO_PIC = NO;
				GCC_NO_COMMON_BLOCKS = YES;
				GCC_OPTIMIZATION_LEVEL = 0;
				GCC_PREPROCESSOR_DEFINITIONS = (
					"DEBUG=1",
					"$(inherited)",
				);
				GCC_WARN_64_TO_32_BIT_CONVERSION = YES;
				GCC_WARN_ABOUT_RETURN_TYPE = YES_ERROR;
				GCC_WARN_UNDECLARED_SELECTOR = YES;
				GCC_WARN_UNINITIALIZED_AUTOS = YES_AGGRESSIVE;
				GCC_WARN_UNUSED_FUNCTION = YES;
				GCC_WARN_UNUSED_VARIABLE = YES;
				MTL_ENABLE_DEBUG_INFO = INCLUDE_SOURCE;
				MTL_FAST_MATH = YES;
				ONLY_ACTIVE_ARCH = YES;
				SWIFT_ACTIVE_COMPILATION_CONDITIONS = DEBUG;
				SWIFT_OPTIMIZATION_LEVEL = "-Onone";
			};
			name = Debug;
		};
		F3B21EDF298BE21E007C93FF /* Release */ = {
			isa = XCBuildConfiguration;
			buildSettings = {
				ALWAYS_SEARCH_USER_PATHS = NO;
				CLANG_ANALYZER_NONNULL = YES;
				CLANG_ANALYZER_NUMBER_OBJECT_CONVERSION = YES_AGGRESSIVE;
				CLANG_CXX_LANGUAGE_STANDARD = "gnu++20";
				CLANG_ENABLE_MODULES = YES;
				CLANG_ENABLE_OBJC_ARC = YES;
				CLANG_ENABLE_OBJC_WEAK = YES;
				CLANG_WARN_BLOCK_CAPTURE_AUTORELEASING = YES;
				CLANG_WARN_BOOL_CONVERSION = YES;
				CLANG_WARN_COMMA = YES;
				CLANG_WARN_CONSTANT_CONVERSION = YES;
				CLANG_WARN_DEPRECATED_OBJC_IMPLEMENTATIONS = YES;
				CLANG_WARN_DIRECT_OBJC_ISA_USAGE = YES_ERROR;
				CLANG_WARN_DOCUMENTATION_COMMENTS = YES;
				CLANG_WARN_EMPTY_BODY = YES;
				CLANG_WARN_ENUM_CONVERSION = YES;
				CLANG_WARN_INFINITE_RECURSION = YES;
				CLANG_WARN_INT_CONVERSION = YES;
				CLANG_WARN_NON_LITERAL_NULL_CONVERSION = YES;
				CLANG_WARN_OBJC_IMPLICIT_RETAIN_SELF = YES;
				CLANG_WARN_OBJC_LITERAL_CONVERSION = YES;
				CLANG_WARN_OBJC_ROOT_CLASS = YES_ERROR;
				CLANG_WARN_QUOTED_INCLUDE_IN_FRAMEWORK_HEADER = YES;
				CLANG_WARN_RANGE_LOOP_ANALYSIS = YES;
				CLANG_WARN_STRICT_PROTOTYPES = YES;
				CLANG_WARN_SUSPICIOUS_MOVE = YES;
				CLANG_WARN_UNGUARDED_AVAILABILITY = YES_AGGRESSIVE;
				CLANG_WARN_UNREACHABLE_CODE = YES;
				CLANG_WARN__DUPLICATE_METHOD_MATCH = YES;
				COPY_PHASE_STRIP = NO;
				DEBUG_INFORMATION_FORMAT = "dwarf-with-dsym";
				ENABLE_NS_ASSERTIONS = NO;
				ENABLE_STRICT_OBJC_MSGSEND = YES;
				GCC_C_LANGUAGE_STANDARD = gnu11;
				GCC_NO_COMMON_BLOCKS = YES;
				GCC_WARN_64_TO_32_BIT_CONVERSION = YES;
				GCC_WARN_ABOUT_RETURN_TYPE = YES_ERROR;
				GCC_WARN_UNDECLARED_SELECTOR = YES;
				GCC_WARN_UNINITIALIZED_AUTOS = YES_AGGRESSIVE;
				GCC_WARN_UNUSED_FUNCTION = YES;
				GCC_WARN_UNUSED_VARIABLE = YES;
				MTL_ENABLE_DEBUG_INFO = NO;
				MTL_FAST_MATH = YES;
				SWIFT_COMPILATION_MODE = wholemodule;
				SWIFT_OPTIMIZATION_LEVEL = "-O";
			};
			name = Release;
		};
		F3B21EE1298BE21E007C93FF /* Debug */ = {
			isa = XCBuildConfiguration;
			buildSettings = {
				ASSETCATALOG_COMPILER_APPICON_NAME = AppIcon;
				ASSETCATALOG_COMPILER_GLOBAL_ACCENT_COLOR_NAME = AccentColor;
				CODE_SIGN_IDENTITY = "Apple Development";
				CODE_SIGN_STYLE = Automatic;
				CURRENT_PROJECT_VERSION = 1;
				DEVELOPMENT_ASSET_PATHS = "\"YaSailingApp Watch App/Preview Content\"";
				DEVELOPMENT_TEAM = XRR68Q4FN7;
				ENABLE_PREVIEWS = YES;
				GENERATE_INFOPLIST_FILE = YES;
				INFOPLIST_FILE = "YaSailingApp-Watch-App-Info.plist";
				INFOPLIST_KEY_CFBundleDisplayName = YASailingApp;
				INFOPLIST_KEY_NSLocationWhenInUseUsageDescription = "The location information is needed to show the current speed";
				INFOPLIST_KEY_UISupportedInterfaceOrientations = "UIInterfaceOrientationPortrait UIInterfaceOrientationPortraitUpsideDown";
				INFOPLIST_KEY_WKWatchOnly = YES;
				LD_RUNPATH_SEARCH_PATHS = (
					"$(inherited)",
					"@executable_path/Frameworks",
				);
				MARKETING_VERSION = 1.0;
				PRODUCT_BUNDLE_IDENTIFIER = "com.ivan-b.YaSailingApp.watchkitapp";
				PRODUCT_NAME = "$(TARGET_NAME)";
				PROVISIONING_PROFILE_SPECIFIER = "";
				SDKROOT = watchos;
				SKIP_INSTALL = YES;
				SWIFT_EMIT_LOC_STRINGS = YES;
				SWIFT_VERSION = 5.0;
				TARGETED_DEVICE_FAMILY = 4;
				WATCHOS_DEPLOYMENT_TARGET = 9.1;
			};
			name = Debug;
		};
		F3B21EE2298BE21E007C93FF /* Release */ = {
			isa = XCBuildConfiguration;
			buildSettings = {
				ASSETCATALOG_COMPILER_APPICON_NAME = AppIcon;
				ASSETCATALOG_COMPILER_GLOBAL_ACCENT_COLOR_NAME = AccentColor;
				CODE_SIGN_IDENTITY = "Apple Development";
				CODE_SIGN_STYLE = Automatic;
				CURRENT_PROJECT_VERSION = 1;
				DEVELOPMENT_ASSET_PATHS = "\"YaSailingApp Watch App/Preview Content\"";
				DEVELOPMENT_TEAM = XRR68Q4FN7;
				ENABLE_PREVIEWS = YES;
				GENERATE_INFOPLIST_FILE = YES;
				INFOPLIST_FILE = "YaSailingApp-Watch-App-Info.plist";
				INFOPLIST_KEY_CFBundleDisplayName = YASailingApp;
				INFOPLIST_KEY_NSLocationWhenInUseUsageDescription = "The location information is needed to show the current speed";
				INFOPLIST_KEY_UISupportedInterfaceOrientations = "UIInterfaceOrientationPortrait UIInterfaceOrientationPortraitUpsideDown";
				INFOPLIST_KEY_WKWatchOnly = YES;
				LD_RUNPATH_SEARCH_PATHS = (
					"$(inherited)",
					"@executable_path/Frameworks",
				);
				MARKETING_VERSION = 1.0;
				PRODUCT_BUNDLE_IDENTIFIER = "com.ivan-b.YaSailingApp.watchkitapp";
				PRODUCT_NAME = "$(TARGET_NAME)";
				PROVISIONING_PROFILE_SPECIFIER = "";
				SDKROOT = watchos;
				SKIP_INSTALL = YES;
				SWIFT_EMIT_LOC_STRINGS = YES;
				SWIFT_VERSION = 5.0;
				TARGETED_DEVICE_FAMILY = 4;
				VALIDATE_PRODUCT = YES;
				WATCHOS_DEPLOYMENT_TARGET = 9.1;
			};
			name = Release;
		};
		F3B21EE5298BE21E007C93FF /* Debug */ = {
			isa = XCBuildConfiguration;
			buildSettings = {
				ALWAYS_EMBED_SWIFT_STANDARD_LIBRARIES = YES;
				CODE_SIGN_STYLE = Automatic;
				CURRENT_PROJECT_VERSION = 1;
				DEVELOPMENT_TEAM = XRR68Q4FN7;
				INFOPLIST_KEY_CFBundleDisplayName = YaSailingApp;
				MARKETING_VERSION = 1.0;
				PRODUCT_BUNDLE_IDENTIFIER = "com.ivan-b.YaSailingApp";
				PRODUCT_NAME = "$(TARGET_NAME)";
				SDKROOT = iphoneos;
				SWIFT_VERSION = 5.0;
			};
			name = Debug;
		};
		F3B21EE6298BE21E007C93FF /* Release */ = {
			isa = XCBuildConfiguration;
			buildSettings = {
				ALWAYS_EMBED_SWIFT_STANDARD_LIBRARIES = YES;
				CODE_SIGN_STYLE = Automatic;
				CURRENT_PROJECT_VERSION = 1;
				DEVELOPMENT_TEAM = XRR68Q4FN7;
				INFOPLIST_KEY_CFBundleDisplayName = YaSailingApp;
				MARKETING_VERSION = 1.0;
				PRODUCT_BUNDLE_IDENTIFIER = "com.ivan-b.YaSailingApp";
				PRODUCT_NAME = "$(TARGET_NAME)";
				SDKROOT = iphoneos;
				SWIFT_VERSION = 5.0;
				VALIDATE_PRODUCT = YES;
			};
			name = Release;
		};
/* End XCBuildConfiguration section */

/* Begin XCConfigurationList section */
		F3B21EB1298BE21B007C93FF /* Build configuration list for PBXProject "YaSailingApp" */ = {
			isa = XCConfigurationList;
			buildConfigurations = (
				F3B21EDE298BE21E007C93FF /* Debug */,
				F3B21EDF298BE21E007C93FF /* Release */,
			);
			defaultConfigurationIsVisible = 0;
			defaultConfigurationName = Release;
		};
		F3B21EE0298BE21E007C93FF /* Build configuration list for PBXNativeTarget "YaSailingApp Watch App" */ = {
			isa = XCConfigurationList;
			buildConfigurations = (
				F3B21EE1298BE21E007C93FF /* Debug */,
				F3B21EE2298BE21E007C93FF /* Release */,
			);
			defaultConfigurationIsVisible = 0;
			defaultConfigurationName = Release;
		};
		F3B21EE4298BE21E007C93FF /* Build configuration list for PBXNativeTarget "YaSailingApp" */ = {
			isa = XCConfigurationList;
			buildConfigurations = (
				F3B21EE5298BE21E007C93FF /* Debug */,
				F3B21EE6298BE21E007C93FF /* Release */,
			);
			defaultConfigurationIsVisible = 0;
			defaultConfigurationName = Release;
		};
/* End XCConfigurationList section */
	};
	rootObject = F3B21EAE298BE21B007C93FF /* Project object */;
}
